
Microsoft Visual Studio Solution File, Format Version 12.00
# Visual Studio Version 17
VisualStudioVersion = 17.14.36414.22 d17.14
MinimumVisualStudioVersion = 10.0.40219.1
Project("{FAE04EC0-301F-11D3-BF4B-00C04F79EFBC}") = "ConsoleApp1", "ConsoleApp1\ConsoleApp1.csproj", "{575276E1-582C-41E4-BECE-E76D1AC8DA11}"
EndProject
Global
	GlobalSection(SolutionConfigurationPlatforms) = preSolution
		Debug|Any CPU = Debug|Any CPU
		Release|Any CPU = Release|Any CPU
	EndGlobalSection
	GlobalSection(ProjectConfigurationPlatforms) = postSolution
		{575276E1-582C-41E4-BECE-E76D1AC8DA11}.Debug|Any CPU.ActiveCfg = Debug|Any CPU
		{575276E1-582C-41E4-BECE-E76D1AC8DA11}.Debug|Any CPU.Build.0 = Debug|Any CPU
		{575276E1-582C-41E4-BECE-E76D1AC8DA11}.Release|Any CPU.ActiveCfg = Release|Any CPU
		{575276E1-582C-41E4-BECE-E76D1AC8DA11}.Release|Any CPU.Build.0 = Release|Any CPU
	EndGlobalSection
	GlobalSection(SolutionProperties) = preSolution
		HideSolutionNode = FALSE
	EndGlobalSection
	GlobalSection(ExtensibilityGlobals) = postSolution
		SolutionGuid = {AB35B772-21B9-48AC-AFD7-C756912E1D94}
	EndGlobalSection
EndGlobal
